
Microsoft Visual Studio Solution File, Format Version 12.00
# Visual Studio 15
VisualStudioVersion = 15.0.27703.2026
MinimumVisualStudioVersion = 10.0.40219.1
Project("{FAE04EC0-301F-11D3-BF4B-00C04F79EFBC}") = "MinerMon", "MinerMon\MinerMon.csproj", "{8D037075-FF63-4328-BF76-CE2E006DFF7C}"
EndProject
Project("{2150E333-8FDC-42A3-9474-1A3956D46DE8}") = "Solution Items", "Solution Items", "{29364A61-FCC8-487D-8F78-F168404A640F}"
	ProjectSection(SolutionItems) = preProject
		.gitignore = .gitignore
		README.md = README.md
	EndProjectSection
EndProject
Global
	GlobalSection(SolutionConfigurationPlatforms) = preSolution
		Debug|Any CPU = Debug|Any CPU
		Release|Any CPU = Release|Any CPU
	EndGlobalSection
	GlobalSection(ProjectConfigurationPlatforms) = postSolution
		{8D037075-FF63-4328-BF76-CE2E006DFF7C}.Debug|Any CPU.ActiveCfg = Debug|Any CPU
		{8D037075-FF63-4328-BF76-CE2E006DFF7C}.Debug|Any CPU.Build.0 = Debug|Any CPU
		{8D037075-FF63-4328-BF76-CE2E006DFF7C}.Release|Any CPU.ActiveCfg = Release|Any CPU
		{8D037075-FF63-4328-BF76-CE2E006DFF7C}.Release|Any CPU.Build.0 = Release|Any CPU
	EndGlobalSection
	GlobalSection(SolutionProperties) = preSolution
		HideSolutionNode = FALSE
	EndGlobalSection
	GlobalSection(ExtensibilityGlobals) = postSolution
		SolutionGuid = {0CC98BF1-11F7-40C3-BB66-4465D671BCDF}
	EndGlobalSection
EndGlobal
